
Microsoft Visual Studio Solution File, Format Version 12.00
# Visual Studio Version 17
VisualStudioVersion = 17.9.34622.214
MinimumVisualStudioVersion = 10.0.40219.1
Project("{FAE04EC0-301F-11D3-BF4B-00C04F79EFBC}") = "CourseProviderB", "CourseProviderB\CourseProviderB.csproj", "{906BE736-03D3-4ACA-95E1-A9201F3A3FE0}"
EndProject
Project("{FAE04EC0-301F-11D3-BF4B-00C04F79EFBC}") = "CourseProviderB.Infrastructure", "CourseProviderB.Infrastructure\CourseProviderB.Infrastructure.csproj", "{914483C5-3B79-4727-BDE9-BB36B384313E}"
EndProject
Project("{FAE04EC0-301F-11D3-BF4B-00C04F79EFBC}") = "CourseProviderB.Tests", "CourseProviderB.Tests\CourseProviderB.Tests.csproj", "{8DF70178-91E2-47F4-96AA-D9707B6C8B58}"
EndProject
Global
	GlobalSection(SolutionConfigurationPlatforms) = preSolution
		Debug|Any CPU = Debug|Any CPU
		Release|Any CPU = Release|Any CPU
	EndGlobalSection
	GlobalSection(ProjectConfigurationPlatforms) = postSolution
		{906BE736-03D3-4ACA-95E1-A9201F3A3FE0}.Debug|Any CPU.ActiveCfg = Debug|Any CPU
		{906BE736-03D3-4ACA-95E1-A9201F3A3FE0}.Debug|Any CPU.Build.0 = Debug|Any CPU
		{906BE736-03D3-4ACA-95E1-A9201F3A3FE0}.Release|Any CPU.ActiveCfg = Release|Any CPU
		{906BE736-03D3-4ACA-95E1-A9201F3A3FE0}.Release|Any CPU.Build.0 = Release|Any CPU
		{914483C5-3B79-4727-BDE9-BB36B384313E}.Debug|Any CPU.ActiveCfg = Debug|Any CPU
		{914483C5-3B79-4727-BDE9-BB36B384313E}.Debug|Any CPU.Build.0 = Debug|Any CPU
		{914483C5-3B79-4727-BDE9-BB36B384313E}.Release|Any CPU.ActiveCfg = Release|Any CPU
		{914483C5-3B79-4727-BDE9-BB36B384313E}.Release|Any CPU.Build.0 = Release|Any CPU
		{8DF70178-91E2-47F4-96AA-D9707B6C8B58}.Debug|Any CPU.ActiveCfg = Debug|Any CPU
		{8DF70178-91E2-47F4-96AA-D9707B6C8B58}.Debug|Any CPU.Build.0 = Debug|Any CPU
		{8DF70178-91E2-47F4-96AA-D9707B6C8B58}.Release|Any CPU.ActiveCfg = Release|Any CPU
		{8DF70178-91E2-47F4-96AA-D9707B6C8B58}.Release|Any CPU.Build.0 = Release|Any CPU
	EndGlobalSection
	GlobalSection(SolutionProperties) = preSolution
		HideSolutionNode = FALSE
	EndGlobalSection
	GlobalSection(ExtensibilityGlobals) = postSolution
		SolutionGuid = {4430629E-A4C9-4F3D-A63D-D5E6239C5E0A}
	EndGlobalSection
EndGlobal
